<?xml version="1.0" encoding="utf-8"?>
<Project ToolsVersion="4.0" xmlns="http://schemas.microsoft.com/developer/msbuild/2003">
  <ItemGroup>
    <ClCompile Include="APath.cpp" />
    <ClCompile Include="FlowField.cpp" />
    <ClCompile Include="src\Battleground.cpp" />
    <ClCompile Include="src\Editor.cpp" />
    <ClCompile Include="src\FlowApplication.cpp" />
    <ClCompile Include="src\main.cpp" />
    <ClCompile Include="src\utils\CSVFile.cpp">
      <Filter>utils</Filter>
    </ClCompile>
  </ItemGroup>
  <ItemGroup>
    <ClInclude Include="APath.h" />
    <ClInclude Include="FlowField.h" />
    <ClInclude Include="src\lib\DataArray.h">
      <Filter>lib</Filter>
    </ClInclude>
    <ClInclude Include="src\Battleground.h" />
    <ClInclude Include="ext\ds_game_ui.h">
      <Filter>ext</Filter>
    </ClInclude>
    <ClInclude Include="ext\ds_imgui.h">
      <Filter>ext</Filter>
    </ClInclude>
    <ClInclude Include="ext\ds_stretchbuffer.h">
      <Filter>ext</Filter>
    </ClInclude>
    <ClInclude Include="ext\ds_tweakable.h">
      <Filter>ext</Filter>
    </ClInclude>
    <ClInclude Include="ext\ds_tweening.h">
      <Filter>ext</Filter>
    </ClInclude>
    <ClInclude Include="ext\SpriteBatchBuffer.h">
      <Filter>ext</Filter>
    </ClInclude>
    <ClInclude Include="ext\stb_image.h">
      <Filter>ext</Filter>
    </ClInclude>
    <ClInclude Include="ext\diesel.h">
      <Filter>ext</Filter>
    </ClInclude>
    <ClInclude Include="src\Editor.h" />
    <ClInclude Include="src\Grid.h" />
    <ClInclude Include="src\FlowApplication.h" />
    <ClInclude Include="src\EventTypes.h" />
    <ClInclude Include="src\utils\CSVFile.h">
      <Filter>utils</Filter>
    </ClInclude>
    <ClInclude Include="src\ApplicationContext.h" />
    <ClInclude Include="ext\ds_base_app.h">
      <Filter>ext</Filter>
    </ClInclude>
  </ItemGroup>
  <ItemGroup>
    <Filter Include="lib">
      <UniqueIdentifier>{ddc0c623-a149-473b-9147-3aa10c234693}</UniqueIdentifier>
    </Filter>
    <Filter Include="ext">
      <UniqueIdentifier>{72d2791a-639c-4c2c-8e6c-cf2018bd3343}</UniqueIdentifier>
    </Filter>
    <Filter Include="utils">
      <UniqueIdentifier>{5b562aee-542e-468b-90d7-d85bac9e5127}</UniqueIdentifier>
    </Filter>
  </ItemGroup>
</Project>